
Microsoft Visual Studio Solution File, Format Version 12.00
# Visual Studio Version 17
VisualStudioVersion = 17.14.36401.2 d17.14
MinimumVisualStudioVersion = 10.0.40219.1
Project("{FAE04EC0-301F-11D3-BF4B-00C04F79EFBC}") = "DXHistogram", "DXHistogram\DXHistogram.csproj", "{34453BF1-F887-4E15-847C-52AEEC2CE0D3}"
EndProject
Global
	GlobalSection(SolutionConfigurationPlatforms) = preSolution
		Debug|Any CPU = Debug|Any CPU
		Release|Any CPU = Release|Any CPU
	EndGlobalSection
	GlobalSection(ProjectConfigurationPlatforms) = postSolution
		{34453BF1-F887-4E15-847C-52AEEC2CE0D3}.Debug|Any CPU.ActiveCfg = Debug|Any CPU
		{34453BF1-F887-4E15-847C-52AEEC2CE0D3}.Debug|Any CPU.Build.0 = Debug|Any CPU
		{34453BF1-F887-4E15-847C-52AEEC2CE0D3}.Release|Any CPU.ActiveCfg = Release|Any CPU
		{34453BF1-F887-4E15-847C-52AEEC2CE0D3}.Release|Any CPU.Build.0 = Release|Any CPU
	EndGlobalSection
	GlobalSection(SolutionProperties) = preSolution
		HideSolutionNode = FALSE
	EndGlobalSection
	GlobalSection(ExtensibilityGlobals) = postSolution
		SolutionGuid = {A114F42F-272F-42B7-9A35-0CCB5442BD75}
	EndGlobalSection
EndGlobal
